
Microsoft Visual Studio Solution File, Format Version 12.00
# Visual Studio Version 17
VisualStudioVersion = 17.14.36202.13
MinimumVisualStudioVersion = 10.0.40219.1
Project("{FAE04EC0-301F-11D3-BF4B-00C04F79EFBC}") = "HouseRenting", "HouseRenting\HouseRenting.csproj", "{482E7EF8-4D5B-4A00-9993-BEEDD961C1AE}"
	ProjectSection(ProjectDependencies) = postProject
		{F9E68138-C489-4F43-8B3C-C12E982E09C2} = {F9E68138-C489-4F43-8B3C-C12E982E09C2}
	EndProjectSection
EndProject
Project("{FAE04EC0-301F-11D3-BF4B-00C04F79EFBC}") = "HouseRenting.Data", "HouseRenting.Data\HouseRenting.Data.csproj", "{F9E68138-C489-4F43-8B3C-C12E982E09C2}"
EndProject
Global
	GlobalSection(SolutionConfigurationPlatforms) = preSolution
		Debug|Any CPU = Debug|Any CPU
		Release|Any CPU = Release|Any CPU
	EndGlobalSection
	GlobalSection(ProjectConfigurationPlatforms) = postSolution
		{482E7EF8-4D5B-4A00-9993-BEEDD961C1AE}.Debug|Any CPU.ActiveCfg = Debug|Any CPU
		{482E7EF8-4D5B-4A00-9993-BEEDD961C1AE}.Debug|Any CPU.Build.0 = Debug|Any CPU
		{482E7EF8-4D5B-4A00-9993-BEEDD961C1AE}.Release|Any CPU.ActiveCfg = Release|Any CPU
		{482E7EF8-4D5B-4A00-9993-BEEDD961C1AE}.Release|Any CPU.Build.0 = Release|Any CPU
		{F9E68138-C489-4F43-8B3C-C12E982E09C2}.Debug|Any CPU.ActiveCfg = Debug|Any CPU
		{F9E68138-C489-4F43-8B3C-C12E982E09C2}.Debug|Any CPU.Build.0 = Debug|Any CPU
		{F9E68138-C489-4F43-8B3C-C12E982E09C2}.Release|Any CPU.ActiveCfg = Release|Any CPU
		{F9E68138-C489-4F43-8B3C-C12E982E09C2}.Release|Any CPU.Build.0 = Release|Any CPU
	EndGlobalSection
	GlobalSection(SolutionProperties) = preSolution
		HideSolutionNode = FALSE
	EndGlobalSection
	GlobalSection(ExtensibilityGlobals) = postSolution
		SolutionGuid = {463F1EB3-F201-4F5C-8722-4F17A3D77A88}
	EndGlobalSection
EndGlobal
